
Microsoft Visual Studio Solution File, Format Version 12.00
# Visual Studio 15
VisualStudioVersion = 15.0.28307.271
MinimumVisualStudioVersion = 10.0.40219.1
Project("{FAE04EC0-301F-11D3-BF4B-00C04F79EFBC}") = "InductanceComputer", "InductanceComputer\InductanceComputer.csproj", "{42E04393-67FE-4767-83CD-9C4F19C7F69D}"
EndProject
Project("{FAE04EC0-301F-11D3-BF4B-00C04F79EFBC}") = "CudaComputing", "CudaComputing\CudaComputing.csproj", "{DFEC85C7-0373-471C-9F1B-F3066230AB81}"
EndProject
Project("{FAE04EC0-301F-11D3-BF4B-00C04F79EFBC}") = "AleaTestProject", "AleaTestProject\AleaTestProject.csproj", "{D077175A-2681-46CE-ABD8-AC55A21A4A74}"
EndProject
Project("{FAE04EC0-301F-11D3-BF4B-00C04F79EFBC}") = "UnitTestProject", "UnitTestProject\UnitTestProject.csproj", "{DFEDA156-C847-4969-A6E9-D2A2178FE2B3}"
EndProject
Project("{FAE04EC0-301F-11D3-BF4B-00C04F79EFBC}") = "GnuPlot", "GnuPlot\GnuPlot.csproj", "{A15F46DB-4152-4D86-9736-61A98650D6E1}"
EndProject
Global
	GlobalSection(SolutionConfigurationPlatforms) = preSolution
		Debug|Any CPU = Debug|Any CPU
		Release|Any CPU = Release|Any CPU
	EndGlobalSection
	GlobalSection(ProjectConfigurationPlatforms) = postSolution
		{42E04393-67FE-4767-83CD-9C4F19C7F69D}.Debug|Any CPU.ActiveCfg = Debug|Any CPU
		{42E04393-67FE-4767-83CD-9C4F19C7F69D}.Debug|Any CPU.Build.0 = Debug|Any CPU
		{42E04393-67FE-4767-83CD-9C4F19C7F69D}.Release|Any CPU.ActiveCfg = Release|Any CPU
		{42E04393-67FE-4767-83CD-9C4F19C7F69D}.Release|Any CPU.Build.0 = Release|Any CPU
		{DFEC85C7-0373-471C-9F1B-F3066230AB81}.Debug|Any CPU.ActiveCfg = Debug|Any CPU
		{DFEC85C7-0373-471C-9F1B-F3066230AB81}.Debug|Any CPU.Build.0 = Debug|Any CPU
		{DFEC85C7-0373-471C-9F1B-F3066230AB81}.Release|Any CPU.ActiveCfg = Release|Any CPU
		{DFEC85C7-0373-471C-9F1B-F3066230AB81}.Release|Any CPU.Build.0 = Release|Any CPU
		{D077175A-2681-46CE-ABD8-AC55A21A4A74}.Debug|Any CPU.ActiveCfg = Debug|Any CPU
		{D077175A-2681-46CE-ABD8-AC55A21A4A74}.Debug|Any CPU.Build.0 = Debug|Any CPU
		{D077175A-2681-46CE-ABD8-AC55A21A4A74}.Release|Any CPU.ActiveCfg = Release|Any CPU
		{D077175A-2681-46CE-ABD8-AC55A21A4A74}.Release|Any CPU.Build.0 = Release|Any CPU
		{DFEDA156-C847-4969-A6E9-D2A2178FE2B3}.Debug|Any CPU.ActiveCfg = Debug|Any CPU
		{DFEDA156-C847-4969-A6E9-D2A2178FE2B3}.Debug|Any CPU.Build.0 = Debug|Any CPU
		{DFEDA156-C847-4969-A6E9-D2A2178FE2B3}.Release|Any CPU.ActiveCfg = Release|Any CPU
		{DFEDA156-C847-4969-A6E9-D2A2178FE2B3}.Release|Any CPU.Build.0 = Release|Any CPU
		{A15F46DB-4152-4D86-9736-61A98650D6E1}.Debug|Any CPU.ActiveCfg = Debug|Any CPU
		{A15F46DB-4152-4D86-9736-61A98650D6E1}.Debug|Any CPU.Build.0 = Debug|Any CPU
		{A15F46DB-4152-4D86-9736-61A98650D6E1}.Release|Any CPU.ActiveCfg = Release|Any CPU
		{A15F46DB-4152-4D86-9736-61A98650D6E1}.Release|Any CPU.Build.0 = Release|Any CPU
	EndGlobalSection
	GlobalSection(SolutionProperties) = preSolution
		HideSolutionNode = FALSE
	EndGlobalSection
	GlobalSection(ExtensibilityGlobals) = postSolution
		SolutionGuid = {FCC4F1F9-9BBA-4A98-956C-7FC966B6E8F7}
	EndGlobalSection
EndGlobal
